
Microsoft Visual Studio Solution File, Format Version 12.00
# Visual Studio Version 17
VisualStudioVersion = 17.1.32210.238
MinimumVisualStudioVersion = 10.0.40219.1
Project("{9A19103F-16F7-4668-BE54-9A1E7A4F7556}") = "PanopticonService", "PanopticonService\PanopticonService.csproj", "{27CC0412-6FC9-4FB3-A0B7-52BE369A0E3D}"
EndProject
Project("{9A19103F-16F7-4668-BE54-9A1E7A4F7556}") = "PanopticonVRManager", "PanopticonVRManager\PanopticonVRManager.csproj", "{3891E51F-C6D6-4F71-9AED-6A2CA688B614}"
EndProject
Project("{9A19103F-16F7-4668-BE54-9A1E7A4F7556}") = "GrpcInterfaces", "GrpcInterfaces\GrpcInterfaces.csproj", "{3C3C7C51-1526-41D8-9046-2FA67B85A75D}"
EndProject
Project("{9A19103F-16F7-4668-BE54-9A1E7A4F7556}") = "MarshallUnityPieces", "MarshallUnityPieces\MarshallUnityPieces.csproj", "{30F3F856-8CD9-47BB-B7F3-9EAE2C616213}"
EndProject
Project("{2150E333-8FDC-42A3-9474-1A3956D46DE8}") = "ThirdParty", "ThirdParty", "{44D7A1EC-07DD-4462-83D7-49E80D9C2564}"
EndProject
Project("{9A19103F-16F7-4668-BE54-9A1E7A4F7556}") = "Google.Protobuf", "Google.Protobuf\Google.Protobuf.csproj", "{95C0AFC7-214E-40AE-A575-95CB401DAEF2}"
EndProject
Project("{9A19103F-16F7-4668-BE54-9A1E7A4F7556}") = "EmissaryClient", "EmissaryManager\EmissaryClient.csproj", "{8D493240-DE2D-41BC-B3FA-A0750F528EDE}"
EndProject
Project("{9A19103F-16F7-4668-BE54-9A1E7A4F7556}") = "EventPlane", "EventPlane\EventPlane.csproj", "{07EEA014-6CDF-4FB9-973D-BDE81B1E2A28}"
EndProject
Project("{9A19103F-16F7-4668-BE54-9A1E7A4F7556}") = "Confluent.Kafka", "ThirdParty\Confluent.Kafka\Confluent.Kafka.csproj", "{44173242-177E-4FED-9583-A918573B4E49}"
EndProject
Project("{9A19103F-16F7-4668-BE54-9A1E7A4F7556}") = "AllPlaneMessages", "EventPlaneMessages\AllPlaneMessages.csproj", "{DEED69B3-909E-4BAA-9F24-ADDBF19EF902}"
EndProject
Project("{9A19103F-16F7-4668-BE54-9A1E7A4F7556}") = "Confluent.SchemaRegistry.Serdes.Protobuf", "ThirdParty\Confluent.SchemaRegistry.Serdes.Protobuf\Confluent.SchemaRegistry.Serdes.Protobuf.csproj", "{D5B8089D-43A1-48D7-977F-93552C32FAEE}"
EndProject
Project("{9A19103F-16F7-4668-BE54-9A1E7A4F7556}") = "Confluent.SchemaRegistry", "ThirdParty\Confluent.SchemaRegistry\Confluent.SchemaRegistry.csproj", "{40241342-9250-4401-B39D-9F2421C7E70A}"
EndProject
Project("{9A19103F-16F7-4668-BE54-9A1E7A4F7556}") = "EmissaryService", "EmissaryControl\EmissaryService.csproj", "{80979022-C345-4FC2-8147-EA3D0A323999}"
EndProject
Project("{9A19103F-16F7-4668-BE54-9A1E7A4F7556}") = "ProtobufRepo", "ProtobufRepo\ProtobufRepo.csproj", "{F52C9F42-7BA8-4C61-8170-3C7376D2F113}"
EndProject
Project("{9A19103F-16F7-4668-BE54-9A1E7A4F7556}") = "ControlPlane", "CommandPlane\ControlPlane.csproj", "{2FFB26DD-1562-415E-94B9-72826B82E498}"
EndProject
Project("{9A19103F-16F7-4668-BE54-9A1E7A4F7556}") = "MQTTnet", "ThirdParty\MQTTnet\MQTTnet.csproj", "{2FA9EA56-100A-4FCE-9120-5E026176633E}"
EndProject
Project("{9A19103F-16F7-4668-BE54-9A1E7A4F7556}") = "MongoLayer", "MongoLayer\MongoLayer.csproj", "{D0D2AECD-2AA8-4185-BF12-B7D948B4554E}"
EndProject
Project("{9A19103F-16F7-4668-BE54-9A1E7A4F7556}") = "MQTTnet.Extensions.Rpc", "ThirdParty\MQTTnet.Extensions.Rpc\MQTTnet.Extensions.Rpc.csproj", "{2F6D46BC-02D4-456D-9F34-1645B68E0846}"
EndProject
Project("{9A19103F-16F7-4668-BE54-9A1E7A4F7556}") = "SceneManagement", "SceneManagement\SceneManagement.csproj", "{B19A8433-C919-4BFE-9E89-120847AA7B65}"
EndProject
Project("{9A19103F-16F7-4668-BE54-9A1E7A4F7556}") = "IronBlock", "ThirdParty\IronBlock\IronBlock.csproj", "{387832C4-974B-4F5D-AA41-6C63F35E1307}"
EndProject
Project("{9A19103F-16F7-4668-BE54-9A1E7A4F7556}") = "EmissaryCommon", "EmissaryCommon\EmissaryCommon.csproj", "{9AF169DF-E353-49EE-8EBD-FE5C67A0BC84}"
EndProject
Project("{FAE04EC0-301F-11D3-BF4B-00C04F79EFBC}") = "TestSSH", "TestSSH\TestSSH.csproj", "{B1E50194-7C82-4DFE-B1B0-243BAFBB69AC}"
EndProject
Project("{FAE04EC0-301F-11D3-BF4B-00C04F79EFBC}") = "NeoWorldsProvisioning", "NeoWorldsProvisioning\NeoWorldsProvisioning.csproj", "{2FC6CE5E-3A4B-43FD-9DA2-DD11C201FE9A}"
EndProject
Project("{2150E333-8FDC-42A3-9474-1A3956D46DE8}") = "ManagementPlanes", "ManagementPlanes", "{1A6E649A-77C1-424B-8C1E-C9A613C58D93}"
EndProject
Project("{2150E333-8FDC-42A3-9474-1A3956D46DE8}") = "EmissaryDevelopment", "EmissaryDevelopment", "{C3696CB9-CDFE-41A3-B351-B73BB13C9E71}"
EndProject
Project("{2150E333-8FDC-42A3-9474-1A3956D46DE8}") = "UnityInterop", "UnityInterop", "{719EF953-8A05-4068-BC12-04F80FBA6DA6}"
EndProject
Project("{FAE04EC0-301F-11D3-BF4B-00C04F79EFBC}") = "UnityBrowserAPI", "UnityBrowserAPI\UnityBrowserAPI.csproj", "{AFEE4759-2201-410E-8A2C-5504BC90BD16}"
EndProject
Global
	GlobalSection(SolutionConfigurationPlatforms) = preSolution
		Debug|Any CPU = Debug|Any CPU
		Release|Any CPU = Release|Any CPU
	EndGlobalSection
	GlobalSection(ProjectConfigurationPlatforms) = postSolution
		{27CC0412-6FC9-4FB3-A0B7-52BE369A0E3D}.Debug|Any CPU.ActiveCfg = Debug|Any CPU
		{27CC0412-6FC9-4FB3-A0B7-52BE369A0E3D}.Debug|Any CPU.Build.0 = Debug|Any CPU
		{27CC0412-6FC9-4FB3-A0B7-52BE369A0E3D}.Release|Any CPU.ActiveCfg = Release|Any CPU
		{27CC0412-6FC9-4FB3-A0B7-52BE369A0E3D}.Release|Any CPU.Build.0 = Release|Any CPU
		{3891E51F-C6D6-4F71-9AED-6A2CA688B614}.Debug|Any CPU.ActiveCfg = Debug|Any CPU
		{3891E51F-C6D6-4F71-9AED-6A2CA688B614}.Debug|Any CPU.Build.0 = Debug|Any CPU
		{3891E51F-C6D6-4F71-9AED-6A2CA688B614}.Release|Any CPU.ActiveCfg = Release|Any CPU
		{3891E51F-C6D6-4F71-9AED-6A2CA688B614}.Release|Any CPU.Build.0 = Release|Any CPU
		{3C3C7C51-1526-41D8-9046-2FA67B85A75D}.Debug|Any CPU.ActiveCfg = Debug|Any CPU
		{3C3C7C51-1526-41D8-9046-2FA67B85A75D}.Debug|Any CPU.Build.0 = Debug|Any CPU
		{3C3C7C51-1526-41D8-9046-2FA67B85A75D}.Release|Any CPU.ActiveCfg = Release|Any CPU
		{3C3C7C51-1526-41D8-9046-2FA67B85A75D}.Release|Any CPU.Build.0 = Release|Any CPU
		{30F3F856-8CD9-47BB-B7F3-9EAE2C616213}.Debug|Any CPU.ActiveCfg = Debug|Any CPU
		{30F3F856-8CD9-47BB-B7F3-9EAE2C616213}.Debug|Any CPU.Build.0 = Debug|Any CPU
		{30F3F856-8CD9-47BB-B7F3-9EAE2C616213}.Release|Any CPU.ActiveCfg = Release|Any CPU
		{30F3F856-8CD9-47BB-B7F3-9EAE2C616213}.Release|Any CPU.Build.0 = Release|Any CPU
		{95C0AFC7-214E-40AE-A575-95CB401DAEF2}.Debug|Any CPU.ActiveCfg = Debug|Any CPU
		{95C0AFC7-214E-40AE-A575-95CB401DAEF2}.Debug|Any CPU.Build.0 = Debug|Any CPU
		{95C0AFC7-214E-40AE-A575-95CB401DAEF2}.Release|Any CPU.ActiveCfg = Release|Any CPU
		{95C0AFC7-214E-40AE-A575-95CB401DAEF2}.Release|Any CPU.Build.0 = Release|Any CPU
		{8D493240-DE2D-41BC-B3FA-A0750F528EDE}.Debug|Any CPU.ActiveCfg = Debug|Any CPU
		{8D493240-DE2D-41BC-B3FA-A0750F528EDE}.Debug|Any CPU.Build.0 = Debug|Any CPU
		{8D493240-DE2D-41BC-B3FA-A0750F528EDE}.Release|Any CPU.ActiveCfg = Release|Any CPU
		{8D493240-DE2D-41BC-B3FA-A0750F528EDE}.Release|Any CPU.Build.0 = Release|Any CPU
		{07EEA014-6CDF-4FB9-973D-BDE81B1E2A28}.Debug|Any CPU.ActiveCfg = Debug|Any CPU
		{07EEA014-6CDF-4FB9-973D-BDE81B1E2A28}.Debug|Any CPU.Build.0 = Debug|Any CPU
		{07EEA014-6CDF-4FB9-973D-BDE81B1E2A28}.Release|Any CPU.ActiveCfg = Release|Any CPU
		{07EEA014-6CDF-4FB9-973D-BDE81B1E2A28}.Release|Any CPU.Build.0 = Release|Any CPU
		{44173242-177E-4FED-9583-A918573B4E49}.Debug|Any CPU.ActiveCfg = Debug|Any CPU
		{44173242-177E-4FED-9583-A918573B4E49}.Debug|Any CPU.Build.0 = Debug|Any CPU
		{44173242-177E-4FED-9583-A918573B4E49}.Release|Any CPU.ActiveCfg = Release|Any CPU
		{44173242-177E-4FED-9583-A918573B4E49}.Release|Any CPU.Build.0 = Release|Any CPU
		{DEED69B3-909E-4BAA-9F24-ADDBF19EF902}.Debug|Any CPU.ActiveCfg = Debug|Any CPU
		{DEED69B3-909E-4BAA-9F24-ADDBF19EF902}.Debug|Any CPU.Build.0 = Debug|Any CPU
		{DEED69B3-909E-4BAA-9F24-ADDBF19EF902}.Release|Any CPU.ActiveCfg = Release|Any CPU
		{DEED69B3-909E-4BAA-9F24-ADDBF19EF902}.Release|Any CPU.Build.0 = Release|Any CPU
		{D5B8089D-43A1-48D7-977F-93552C32FAEE}.Debug|Any CPU.ActiveCfg = Debug|Any CPU
		{D5B8089D-43A1-48D7-977F-93552C32FAEE}.Debug|Any CPU.Build.0 = Debug|Any CPU
		{D5B8089D-43A1-48D7-977F-93552C32FAEE}.Release|Any CPU.ActiveCfg = Release|Any CPU
		{D5B8089D-43A1-48D7-977F-93552C32FAEE}.Release|Any CPU.Build.0 = Release|Any CPU
		{40241342-9250-4401-B39D-9F2421C7E70A}.Debug|Any CPU.ActiveCfg = Debug|Any CPU
		{40241342-9250-4401-B39D-9F2421C7E70A}.Debug|Any CPU.Build.0 = Debug|Any CPU
		{40241342-9250-4401-B39D-9F2421C7E70A}.Release|Any CPU.ActiveCfg = Release|Any CPU
		{40241342-9250-4401-B39D-9F2421C7E70A}.Release|Any CPU.Build.0 = Release|Any CPU
		{80979022-C345-4FC2-8147-EA3D0A323999}.Debug|Any CPU.ActiveCfg = Debug|Any CPU
		{80979022-C345-4FC2-8147-EA3D0A323999}.Debug|Any CPU.Build.0 = Debug|Any CPU
		{80979022-C345-4FC2-8147-EA3D0A323999}.Release|Any CPU.ActiveCfg = Release|Any CPU
		{80979022-C345-4FC2-8147-EA3D0A323999}.Release|Any CPU.Build.0 = Release|Any CPU
		{F52C9F42-7BA8-4C61-8170-3C7376D2F113}.Debug|Any CPU.ActiveCfg = Debug|Any CPU
		{F52C9F42-7BA8-4C61-8170-3C7376D2F113}.Debug|Any CPU.Build.0 = Debug|Any CPU
		{F52C9F42-7BA8-4C61-8170-3C7376D2F113}.Release|Any CPU.ActiveCfg = Release|Any CPU
		{F52C9F42-7BA8-4C61-8170-3C7376D2F113}.Release|Any CPU.Build.0 = Release|Any CPU
		{2FFB26DD-1562-415E-94B9-72826B82E498}.Debug|Any CPU.ActiveCfg = Debug|Any CPU
		{2FFB26DD-1562-415E-94B9-72826B82E498}.Debug|Any CPU.Build.0 = Debug|Any CPU
		{2FFB26DD-1562-415E-94B9-72826B82E498}.Release|Any CPU.ActiveCfg = Release|Any CPU
		{2FFB26DD-1562-415E-94B9-72826B82E498}.Release|Any CPU.Build.0 = Release|Any CPU
		{2FA9EA56-100A-4FCE-9120-5E026176633E}.Debug|Any CPU.ActiveCfg = Debug|Any CPU
		{2FA9EA56-100A-4FCE-9120-5E026176633E}.Debug|Any CPU.Build.0 = Debug|Any CPU
		{2FA9EA56-100A-4FCE-9120-5E026176633E}.Release|Any CPU.ActiveCfg = Release|Any CPU
		{2FA9EA56-100A-4FCE-9120-5E026176633E}.Release|Any CPU.Build.0 = Release|Any CPU
		{D0D2AECD-2AA8-4185-BF12-B7D948B4554E}.Debug|Any CPU.ActiveCfg = Debug|Any CPU
		{D0D2AECD-2AA8-4185-BF12-B7D948B4554E}.Debug|Any CPU.Build.0 = Debug|Any CPU
		{D0D2AECD-2AA8-4185-BF12-B7D948B4554E}.Release|Any CPU.ActiveCfg = Release|Any CPU
		{D0D2AECD-2AA8-4185-BF12-B7D948B4554E}.Release|Any CPU.Build.0 = Release|Any CPU
		{2F6D46BC-02D4-456D-9F34-1645B68E0846}.Debug|Any CPU.ActiveCfg = Debug|Any CPU
		{2F6D46BC-02D4-456D-9F34-1645B68E0846}.Debug|Any CPU.Build.0 = Debug|Any CPU
		{2F6D46BC-02D4-456D-9F34-1645B68E0846}.Release|Any CPU.ActiveCfg = Release|Any CPU
		{2F6D46BC-02D4-456D-9F34-1645B68E0846}.Release|Any CPU.Build.0 = Release|Any CPU
		{B19A8433-C919-4BFE-9E89-120847AA7B65}.Debug|Any CPU.ActiveCfg = Debug|Any CPU
		{B19A8433-C919-4BFE-9E89-120847AA7B65}.Debug|Any CPU.Build.0 = Debug|Any CPU
		{B19A8433-C919-4BFE-9E89-120847AA7B65}.Release|Any CPU.ActiveCfg = Release|Any CPU
		{B19A8433-C919-4BFE-9E89-120847AA7B65}.Release|Any CPU.Build.0 = Release|Any CPU
		{387832C4-974B-4F5D-AA41-6C63F35E1307}.Debug|Any CPU.ActiveCfg = Debug|Any CPU
		{387832C4-974B-4F5D-AA41-6C63F35E1307}.Debug|Any CPU.Build.0 = Debug|Any CPU
		{387832C4-974B-4F5D-AA41-6C63F35E1307}.Release|Any CPU.ActiveCfg = Release|Any CPU
		{387832C4-974B-4F5D-AA41-6C63F35E1307}.Release|Any CPU.Build.0 = Release|Any CPU
		{9AF169DF-E353-49EE-8EBD-FE5C67A0BC84}.Debug|Any CPU.ActiveCfg = Debug|Any CPU
		{9AF169DF-E353-49EE-8EBD-FE5C67A0BC84}.Debug|Any CPU.Build.0 = Debug|Any CPU
		{9AF169DF-E353-49EE-8EBD-FE5C67A0BC84}.Release|Any CPU.ActiveCfg = Release|Any CPU
		{9AF169DF-E353-49EE-8EBD-FE5C67A0BC84}.Release|Any CPU.Build.0 = Release|Any CPU
		{B1E50194-7C82-4DFE-B1B0-243BAFBB69AC}.Debug|Any CPU.ActiveCfg = Debug|Any CPU
		{B1E50194-7C82-4DFE-B1B0-243BAFBB69AC}.Debug|Any CPU.Build.0 = Debug|Any CPU
		{B1E50194-7C82-4DFE-B1B0-243BAFBB69AC}.Release|Any CPU.ActiveCfg = Release|Any CPU
		{B1E50194-7C82-4DFE-B1B0-243BAFBB69AC}.Release|Any CPU.Build.0 = Release|Any CPU
		{2FC6CE5E-3A4B-43FD-9DA2-DD11C201FE9A}.Debug|Any CPU.ActiveCfg = Debug|Any CPU
		{2FC6CE5E-3A4B-43FD-9DA2-DD11C201FE9A}.Debug|Any CPU.Build.0 = Debug|Any CPU
		{2FC6CE5E-3A4B-43FD-9DA2-DD11C201FE9A}.Release|Any CPU.ActiveCfg = Release|Any CPU
		{2FC6CE5E-3A4B-43FD-9DA2-DD11C201FE9A}.Release|Any CPU.Build.0 = Release|Any CPU
		{AFEE4759-2201-410E-8A2C-5504BC90BD16}.Debug|Any CPU.ActiveCfg = Debug|Any CPU
		{AFEE4759-2201-410E-8A2C-5504BC90BD16}.Debug|Any CPU.Build.0 = Debug|Any CPU
		{AFEE4759-2201-410E-8A2C-5504BC90BD16}.Release|Any CPU.ActiveCfg = Release|Any CPU
		{AFEE4759-2201-410E-8A2C-5504BC90BD16}.Release|Any CPU.Build.0 = Release|Any CPU
	EndGlobalSection
	GlobalSection(SolutionProperties) = preSolution
		HideSolutionNode = FALSE
	EndGlobalSection
	GlobalSection(NestedProjects) = preSolution
		{30F3F856-8CD9-47BB-B7F3-9EAE2C616213} = {719EF953-8A05-4068-BC12-04F80FBA6DA6}
		{95C0AFC7-214E-40AE-A575-95CB401DAEF2} = {44D7A1EC-07DD-4462-83D7-49E80D9C2564}
		{8D493240-DE2D-41BC-B3FA-A0750F528EDE} = {C3696CB9-CDFE-41A3-B351-B73BB13C9E71}
		{07EEA014-6CDF-4FB9-973D-BDE81B1E2A28} = {1A6E649A-77C1-424B-8C1E-C9A613C58D93}
		{44173242-177E-4FED-9583-A918573B4E49} = {44D7A1EC-07DD-4462-83D7-49E80D9C2564}
		{DEED69B3-909E-4BAA-9F24-ADDBF19EF902} = {1A6E649A-77C1-424B-8C1E-C9A613C58D93}
		{D5B8089D-43A1-48D7-977F-93552C32FAEE} = {44D7A1EC-07DD-4462-83D7-49E80D9C2564}
		{40241342-9250-4401-B39D-9F2421C7E70A} = {44D7A1EC-07DD-4462-83D7-49E80D9C2564}
		{80979022-C345-4FC2-8147-EA3D0A323999} = {C3696CB9-CDFE-41A3-B351-B73BB13C9E71}
		{2FFB26DD-1562-415E-94B9-72826B82E498} = {1A6E649A-77C1-424B-8C1E-C9A613C58D93}
		{2FA9EA56-100A-4FCE-9120-5E026176633E} = {44D7A1EC-07DD-4462-83D7-49E80D9C2564}
		{2F6D46BC-02D4-456D-9F34-1645B68E0846} = {44D7A1EC-07DD-4462-83D7-49E80D9C2564}
		{387832C4-974B-4F5D-AA41-6C63F35E1307} = {44D7A1EC-07DD-4462-83D7-49E80D9C2564}
		{9AF169DF-E353-49EE-8EBD-FE5C67A0BC84} = {C3696CB9-CDFE-41A3-B351-B73BB13C9E71}
		{AFEE4759-2201-410E-8A2C-5504BC90BD16} = {719EF953-8A05-4068-BC12-04F80FBA6DA6}
	EndGlobalSection
	GlobalSection(ExtensibilityGlobals) = postSolution
		SolutionGuid = {B73B5CC1-2697-4063-9EEE-07AFC5690A8F}
	EndGlobalSection
EndGlobal
